
Microsoft Visual Studio Solution File, Format Version 12.00
# Visual Studio Version 17
VisualStudioVersion = 17.3.32922.545
MinimumVisualStudioVersion = 10.0.40219.1
Project("{FAE04EC0-301F-11D3-BF4B-00C04F79EFBC}") = "webapp-travel-agency", "webapp-travel-agency.csproj", "{3C2D02D2-6C21-4683-8BAC-E8E658C3B12F}"
EndProject
Global
	GlobalSection(SolutionConfigurationPlatforms) = preSolution
		Debug|Any CPU = Debug|Any CPU
		Release|Any CPU = Release|Any CPU
	EndGlobalSection
	GlobalSection(ProjectConfigurationPlatforms) = postSolution
		{3C2D02D2-6C21-4683-8BAC-E8E658C3B12F}.Debug|Any CPU.ActiveCfg = Debug|Any CPU
		{3C2D02D2-6C21-4683-8BAC-E8E658C3B12F}.Debug|Any CPU.Build.0 = Debug|Any CPU
		{3C2D02D2-6C21-4683-8BAC-E8E658C3B12F}.Release|Any CPU.ActiveCfg = Release|Any CPU
		{3C2D02D2-6C21-4683-8BAC-E8E658C3B12F}.Release|Any CPU.Build.0 = Release|Any CPU
	EndGlobalSection
	GlobalSection(SolutionProperties) = preSolution
		HideSolutionNode = FALSE
	EndGlobalSection
	GlobalSection(ExtensibilityGlobals) = postSolution
		SolutionGuid = {E6AD36B3-F87F-48C8-B1C9-0F58DF07FF43}
	EndGlobalSection
EndGlobal
